
Microsoft Visual Studio Solution File, Format Version 12.00
# Visual Studio Version 17
VisualStudioVersion = 17.5.33516.290
MinimumVisualStudioVersion = 10.0.40219.1
Project("{FAE04EC0-301F-11D3-BF4B-00C04F79EFBC}") = "KataQuestionnaireDynamic", "KataQuestionnaireDynamic.csproj", "{E03400C5-2EA4-4FF8-B9DC-90F84C489000}"
EndProject
Global
	GlobalSection(SolutionConfigurationPlatforms) = preSolution
		Debug|Any CPU = Debug|Any CPU
		Release|Any CPU = Release|Any CPU
	EndGlobalSection
	GlobalSection(ProjectConfigurationPlatforms) = postSolution
		{E03400C5-2EA4-4FF8-B9DC-90F84C489000}.Debug|Any CPU.ActiveCfg = Debug|Any CPU
		{E03400C5-2EA4-4FF8-B9DC-90F84C489000}.Debug|Any CPU.Build.0 = Debug|Any CPU
		{E03400C5-2EA4-4FF8-B9DC-90F84C489000}.Release|Any CPU.ActiveCfg = Release|Any CPU
		{E03400C5-2EA4-4FF8-B9DC-90F84C489000}.Release|Any CPU.Build.0 = Release|Any CPU
	EndGlobalSection
	GlobalSection(SolutionProperties) = preSolution
		HideSolutionNode = FALSE
	EndGlobalSection
	GlobalSection(ExtensibilityGlobals) = postSolution
		SolutionGuid = {D1D3886A-F555-41AF-BA1F-3FFAB0793BF4}
	EndGlobalSection
EndGlobal
